// !$*UTF8*$!
{
	archiveVersion = 1;
	classes = {
	};
	objectVersion = 46;
	objects = {

/* Begin PBXBuildFile section */
		6896495D1CC5C81C00CDA924 /* test1.png in Resources */ = {isa = PBXBuildFile; fileRef = 689649481CC5C81C00CDA924 /* test1.png */; };
		6896495E1CC5C81C00CDA924 /* test2.jpg in Resources */ = {isa = PBXBuildFile; fileRef = 689649491CC5C81C00CDA924 /* test2.jpg */; };
		6896495F1CC5C81C00CDA924 /* yuandian.png in Resources */ = {isa = PBXBuildFile; fileRef = 6896494A1CC5C81C00CDA924 /* yuandian.png */; };
		689649601CC5C81C00CDA924 /* UIView+Extension.m in Sources */ = {isa = PBXBuildFile; fileRef = 6896494C1CC5C81C00CDA924 /* UIView+Extension.m */; };
		689649611CC5C81C00CDA924 /* YBBranchLayer.m in Sources */ = {isa = PBXBuildFile; fileRef = 6896494E1CC5C81C00CDA924 /* YBBranchLayer.m */; };
		689649621CC5C81C00CDA924 /* YBFocusLayer.m in Sources */ = {isa = PBXBuildFile; fileRef = 689649501CC5C81C00CDA924 /* YBFocusLayer.m */; };
		689649631CC5C81C00CDA924 /* YBTagGestureRecognizer.m in Sources */ = {isa = PBXBuildFile; fileRef = 689649521CC5C81C00CDA924 /* YBTagGestureRecognizer.m */; };
		689649641CC5C81C00CDA924 /* YBTagStyle.m in Sources */ = {isa = PBXBuildFile; fileRef = 689649551CC5C81C00CDA924 /* YBTagStyle.m */; };
		689649651CC5C81C00CDA924 /* YBCenterView.m in Sources */ = {isa = PBXBuildFile; fileRef = 689649581CC5C81C00CDA924 /* YBCenterView.m */; };
		689649661CC5C81C00CDA924 /* YBTagLabel.m in Sources */ = {isa = PBXBuildFile; fileRef = 6896495A1CC5C81C00CDA924 /* YBTagLabel.m */; };
		689649671CC5C81C00CDA924 /* YBTagView.m in Sources */ = {isa = PBXBuildFile; fileRef = 6896495C1CC5C81C00CDA924 /* YBTagView.m */; };
		68E977DB1CA9182400E8650F /* main.m in Sources */ = {isa = PBXBuildFile; fileRef = 68E977DA1CA9182400E8650F /* main.m */; };
		68E977DE1CA9182400E8650F /* AppDelegate.m in Sources */ = {isa = PBXBuildFile; fileRef = 68E977DD1CA9182400E8650F /* AppDelegate.m */; };
		68E977E11CA9182400E8650F /* ViewController.m in Sources */ = {isa = PBXBuildFile; fileRef = 68E977E01CA9182400E8650F /* ViewController.m */; };
		68E977E41CA9182400E8650F /* Main.storyboard in Resources */ = {isa = PBXBuildFile; fileRef = 68E977E21CA9182400E8650F /* Main.storyboard */; };
		68E977E61CA9182400E8650F /* Assets.xcassets in Resources */ = {isa = PBXBuildFile; fileRef = 68E977E51CA9182400E8650F /* Assets.xcassets */; };
		68E977E91CA9182400E8650F /* LaunchScreen.storyboard in Resources */ = {isa = PBXBuildFile; fileRef = 68E977E71CA9182400E8650F /* LaunchScreen.storyboard */; };
		68E977F41CA9182400E8650F /* YBTagViewTests.m in Sources */ = {isa = PBXBuildFile; fileRef = 68E977F31CA9182400E8650F /* YBTagViewTests.m */; };
		68E977FF1CA9182400E8650F /* YBTagViewUITests.m in Sources */ = {isa = PBXBuildFile; fileRef = 68E977FE1CA9182400E8650F /* YBTagViewUITests.m */; };
/* End PBXBuildFile section */

/* Begin PBXContainerItemProxy section */
		68E977F01CA9182400E8650F /* PBXContainerItemProxy */ = {
			isa = PBXContainerItemProxy;
			containerPortal = 68E977CE1CA9182400E8650F /* Project object */;
			proxyType = 1;
			remoteGlobalIDString = 68E977D51CA9182400E8650F;
			remoteInfo = YBTagView;
		};
		68E977FB1CA9182400E8650F /* PBXContainerItemProxy */ = {
			isa = PBXContainerItemProxy;
			containerPortal = 68E977CE1CA9182400E8650F /* Project object */;
			proxyType = 1;
			remoteGlobalIDString = 68E977D51CA9182400E8650F;
			remoteInfo = YBTagView;
		};
/* End PBXContainerItemProxy section */

/* Begin PBXFileReference section */
		689649481CC5C81C00CDA924 /* test1.png */ = {isa = PBXFileReference; lastKnownFileType = image.png; path = test1.png; sourceTree = "<group>"; };
		689649491CC5C81C00CDA924 /* test2.jpg */ = {isa = PBXFileReference; lastKnownFileType = image.jpeg; path = test2.jpg; sourceTree = "<group>"; };
		6896494A1CC5C81C00CDA924 /* yuandian.png */ = {isa = PBXFileReference; lastKnownFileType = image.png; path = yuandian.png; sourceTree = "<group>"; };
		6896494B1CC5C81C00CDA924 /* UIView+Extension.h */ = {isa = PBXFileReference; fileEncoding = 4; lastKnownFileType = sourcecode.c.h; path = "UIView+Extension.h"; sourceTree = "<group>"; };
		6896494C1CC5C81C00CDA924 /* UIView+Extension.m */ = {isa = PBXFileReference; fileEncoding = 4; lastKnownFileType = sourcecode.c.objc; path = "UIView+Extension.m"; sourceTree = "<group>"; };
		6896494D1CC5C81C00CDA924 /* YBBranchLayer.h */ = {isa = PBXFileReference; fileEncoding = 4; lastKnownFileType = sourcecode.c.h; path = YBBranchLayer.h; sourceTree = "<group>"; };
		6896494E1CC5C81C00CDA924 /* YBBranchLayer.m */ = {isa = PBXFileReference; fileEncoding = 4; lastKnownFileType = sourcecode.c.objc; path = YBBranchLayer.m; sourceTree = "<group>"; };
		6896494F1CC5C81C00CDA924 /* YBFocusLayer.h */ = {isa = PBXFileReference; fileEncoding = 4; lastKnownFileType = sourcecode.c.h; path = YBFocusLayer.h; sourceTree = "<group>"; };
		689649501CC5C81C00CDA924 /* YBFocusLayer.m */ = {isa = PBXFileReference; fileEncoding = 4; lastKnownFileType = sourcecode.c.objc; path = YBFocusLayer.m; sourceTree = "<group>"; };
		689649511CC5C81C00CDA924 /* YBTagGestureRecognizer.h */ = {isa = PBXFileReference; fileEncoding = 4; lastKnownFileType = sourcecode.c.h; path = YBTagGestureRecognizer.h; sourceTree = "<group>"; };
		689649521CC5C81C00CDA924 /* YBTagGestureRecognizer.m */ = {isa = PBXFileReference; fileEncoding = 4; lastKnownFileType = sourcecode.c.objc; path = YBTagGestureRecognizer.m; sourceTree = "<group>"; };
		689649531CC5C81C00CDA924 /* YBTagHeader.h */ = {isa = PBXFileReference; fileEncoding = 4; lastKnownFileType = sourcecode.c.h; path = YBTagHeader.h; sourceTree = "<group>"; };
		689649541CC5C81C00CDA924 /* YBTagStyle.h */ = {isa = PBXFileReference; fileEncoding = 4; lastKnownFileType = sourcecode.c.h; path = YBTagStyle.h; sourceTree = "<group>"; };
		689649551CC5C81C00CDA924 /* YBTagStyle.m */ = {isa = PBXFileReference; fileEncoding = 4; lastKnownFileType = sourcecode.c.objc; path = YBTagStyle.m; sourceTree = "<group>"; };
		689649571CC5C81C00CDA924 /* YBCenterView.h */ = {isa = PBXFileReference; fileEncoding = 4; lastKnownFileType = sourcecode.c.h; path = YBCenterView.h; sourceTree = "<group>"; };
		689649581CC5C81C00CDA924 /* YBCenterView.m */ = {isa = PBXFileReference; fileEncoding = 4; lastKnownFileType = sourcecode.c.objc; path = YBCenterView.m; sourceTree = "<group>"; };
		689649591CC5C81C00CDA924 /* YBTagLabel.h */ = {isa = PBXFileReference; fileEncoding = 4; lastKnownFileType = sourcecode.c.h; path = YBTagLabel.h; sourceTree = "<group>"; };
		6896495A1CC5C81C00CDA924 /* YBTagLabel.m */ = {isa = PBXFileReference; fileEncoding = 4; lastKnownFileType = sourcecode.c.objc; path = YBTagLabel.m; sourceTree = "<group>"; };
		6896495B1CC5C81C00CDA924 /* YBTagView.h */ = {isa = PBXFileReference; fileEncoding = 4; lastKnownFileType = sourcecode.c.h; path = YBTagView.h; sourceTree = "<group>"; };
		6896495C1CC5C81C00CDA924 /* YBTagView.m */ = {isa = PBXFileReference; fileEncoding = 4; lastKnownFileType = sourcecode.c.objc; path = YBTagView.m; sourceTree = "<group>"; };
		68E977D61CA9182400E8650F /* YBTagViewDemo.app */ = {isa = PBXFileReference; explicitFileType = wrapper.application; includeInIndex = 0; path = YBTagViewDemo.app; sourceTree = BUILT_PRODUCTS_DIR; };
		68E977DA1CA9182400E8650F /* main.m */ = {isa = PBXFileReference; lastKnownFileType = sourcecode.c.objc; path = main.m; sourceTree = "<group>"; };
		68E977DC1CA9182400E8650F /* AppDelegate.h */ = {isa = PBXFileReference; lastKnownFileType = sourcecode.c.h; path = AppDelegate.h; sourceTree = "<group>"; };
		68E977DD1CA9182400E8650F /* AppDelegate.m */ = {isa = PBXFileReference; lastKnownFileType = sourcecode.c.objc; path = AppDelegate.m; sourceTree = "<group>"; };
		68E977DF1CA9182400E8650F /* ViewController.h */ = {isa = PBXFileReference; lastKnownFileType = sourcecode.c.h; path = ViewController.h; sourceTree = "<group>"; };
		68E977E01CA9182400E8650F /* ViewController.m */ = {isa = PBXFileReference; lastKnownFileType = sourcecode.c.objc; path = ViewController.m; sourceTree = "<group>"; };
		68E977E31CA9182400E8650F /* Base */ = {isa = PBXFileReference; lastKnownFileType = file.storyboard; name = Base; path = Base.lproj/Main.storyboard; sourceTree = "<group>"; };
		68E977E51CA9182400E8650F /* Assets.xcassets */ = {isa = PBXFileReference; lastKnownFileType = folder.assetcatalog; path = Assets.xcassets; sourceTree = "<group>"; };
		68E977E81CA9182400E8650F /* Base */ = {isa = PBXFileReference; lastKnownFileType = file.storyboard; name = Base; path = Base.lproj/LaunchScreen.storyboard; sourceTree = "<group>"; };
		68E977EA1CA9182400E8650F /* Info.plist */ = {isa = PBXFileReference; lastKnownFileType = text.plist.xml; path = Info.plist; sourceTree = "<group>"; };
		68E977EF1CA9182400E8650F /* YBTagViewDemo.xctest */ = {isa = PBXFileReference; explicitFileType = wrapper.cfbundle; includeInIndex = 0; path = YBTagViewDemo.xctest; sourceTree = BUILT_PRODUCTS_DIR; };
		68E977F31CA9182400E8650F /* YBTagViewTests.m */ = {isa = PBXFileReference; lastKnownFileType = sourcecode.c.objc; path = YBTagViewTests.m; sourceTree = "<group>"; };
		68E977F51CA9182400E8650F /* Info.plist */ = {isa = PBXFileReference; lastKnownFileType = text.plist.xml; path = Info.plist; sourceTree = "<group>"; };
		68E977FA1CA9182400E8650F /* YBTagViewDemo.xctest */ = {isa = PBXFileReference; explicitFileType = wrapper.cfbundle; includeInIndex = 0; path = YBTagViewDemo.xctest; sourceTree = BUILT_PRODUCTS_DIR; };
		68E977FE1CA9182400E8650F /* YBTagViewUITests.m */ = {isa = PBXFileReference; lastKnownFileType = sourcecode.c.objc; path = YBTagViewUITests.m; sourceTree = "<group>"; };
		68E978001CA9182400E8650F /* Info.plist */ = {isa = PBXFileReference; lastKnownFileType = text.plist.xml; path = Info.plist; sourceTree = "<group>"; };
		68E978111CA919B800E8650F /* YBTagView.pch */ = {isa = PBXFileReference; lastKnownFileType = sourcecode.c.h; path = YBTagView.pch; sourceTree = "<group>"; };
/* End PBXFileReference section */

/* Begin PBXFrameworksBuildPhase section */
		68E977D31CA9182400E8650F /* Frameworks */ = {
			isa = PBXFrameworksBuildPhase;
			buildActionMask = 2147483647;
			files = (
			);
			runOnlyForDeploymentPostprocessing = 0;
		};
		68E977EC1CA9182400E8650F /* Frameworks */ = {
			isa = PBXFrameworksBuildPhase;
			buildActionMask = 2147483647;
			files = (
			);
			runOnlyForDeploymentPostprocessing = 0;
		};
		68E977F71CA9182400E8650F /* Frameworks */ = {
			isa = PBXFrameworksBuildPhase;
			buildActionMask = 2147483647;
			files = (
			);
			runOnlyForDeploymentPostprocessing = 0;
		};
/* End PBXFrameworksBuildPhase section */

/* Begin PBXGroup section */
		689649451CC5C81C00CDA924 /* YBTagView */ = {
			isa = PBXGroup;
			children = (
				689649461CC5C81C00CDA924 /* Tools */,
				689649561CC5C81C00CDA924 /* Views */,
			);
			path = YBTagView;
			sourceTree = "<group>";
		};
		689649461CC5C81C00CDA924 /* Tools */ = {
			isa = PBXGroup;
			children = (
				689649471CC5C81C00CDA924 /* Images */,
				6896494B1CC5C81C00CDA924 /* UIView+Extension.h */,
				6896494C1CC5C81C00CDA924 /* UIView+Extension.m */,
				6896494D1CC5C81C00CDA924 /* YBBranchLayer.h */,
				6896494E1CC5C81C00CDA924 /* YBBranchLayer.m */,
				6896494F1CC5C81C00CDA924 /* YBFocusLayer.h */,
				689649501CC5C81C00CDA924 /* YBFocusLayer.m */,
				689649511CC5C81C00CDA924 /* YBTagGestureRecognizer.h */,
				689649521CC5C81C00CDA924 /* YBTagGestureRecognizer.m */,
				689649531CC5C81C00CDA924 /* YBTagHeader.h */,
				689649541CC5C81C00CDA924 /* YBTagStyle.h */,
				689649551CC5C81C00CDA924 /* YBTagStyle.m */,
			);
			path = Tools;
			sourceTree = "<group>";
		};
		689649471CC5C81C00CDA924 /* Images */ = {
			isa = PBXGroup;
			children = (
				689649481CC5C81C00CDA924 /* test1.png */,
				689649491CC5C81C00CDA924 /* test2.jpg */,
				6896494A1CC5C81C00CDA924 /* yuandian.png */,
			);
			path = Images;
			sourceTree = "<group>";
		};
		689649561CC5C81C00CDA924 /* Views */ = {
			isa = PBXGroup;
			children = (
				689649571CC5C81C00CDA924 /* YBCenterView.h */,
				689649581CC5C81C00CDA924 /* YBCenterView.m */,
				689649591CC5C81C00CDA924 /* YBTagLabel.h */,
				6896495A1CC5C81C00CDA924 /* YBTagLabel.m */,
				6896495B1CC5C81C00CDA924 /* YBTagView.h */,
				6896495C1CC5C81C00CDA924 /* YBTagView.m */,
			);
			path = Views;
			sourceTree = "<group>";
		};
		68E977CD1CA9182400E8650F = {
			isa = PBXGroup;
			children = (
				68E977D81CA9182400E8650F /* YBTagViewDemo */,
				68E977F21CA9182400E8650F /* YBTagViewTests */,
				68E977FD1CA9182400E8650F /* YBTagViewUITests */,
				68E977D71CA9182400E8650F /* Products */,
			);
			sourceTree = "<group>";
		};
		68E977D71CA9182400E8650F /* Products */ = {
			isa = PBXGroup;
			children = (
				68E977D61CA9182400E8650F /* YBTagViewDemo.app */,
				68E977EF1CA9182400E8650F /* YBTagViewDemo.xctest */,
				68E977FA1CA9182400E8650F /* YBTagViewDemo.xctest */,
			);
			name = Products;
			sourceTree = "<group>";
		};
		68E977D81CA9182400E8650F /* YBTagViewDemo */ = {
			isa = PBXGroup;
			children = (
				689649451CC5C81C00CDA924 /* YBTagView */,
				68E977DC1CA9182400E8650F /* AppDelegate.h */,
				68E977DD1CA9182400E8650F /* AppDelegate.m */,
				68E977DF1CA9182400E8650F /* ViewController.h */,
				68E977E01CA9182400E8650F /* ViewController.m */,
				68E977D91CA9182400E8650F /* Supporting Files */,
			);
			name = YBTagViewDemo;
			path = YBTagView;
			sourceTree = "<group>";
		};
		68E977D91CA9182400E8650F /* Supporting Files */ = {
			isa = PBXGroup;
			children = (
				68E978111CA919B800E8650F /* YBTagView.pch */,
				68E977E21CA9182400E8650F /* Main.storyboard */,
				68E977E51CA9182400E8650F /* Assets.xcassets */,
				68E977E71CA9182400E8650F /* LaunchScreen.storyboard */,
				68E977EA1CA9182400E8650F /* Info.plist */,
				68E977DA1CA9182400E8650F /* main.m */,
			);
			name = "Supporting Files";
			sourceTree = "<group>";
		};
		68E977F21CA9182400E8650F /* YBTagViewTests */ = {
			isa = PBXGroup;
			children = (
				68E977F31CA9182400E8650F /* YBTagViewTests.m */,
				68E977F51CA9182400E8650F /* Info.plist */,
			);
			path = YBTagViewTests;
			sourceTree = "<group>";
		};
		68E977FD1CA9182400E8650F /* YBTagViewUITests */ = {
			isa = PBXGroup;
			children = (
				68E977FE1CA9182400E8650F /* YBTagViewUITests.m */,
				68E978001CA9182400E8650F /* Info.plist */,
			);
			path = YBTagViewUITests;
			sourceTree = "<group>";
		};
/* End PBXGroup section */

/* Begin PBXNativeTarget section */
		68E977D51CA9182400E8650F /* YBTagViewDemo */ = {
			isa = PBXNativeTarget;
			buildConfigurationList = 68E978031CA9182400E8650F /* Build configuration list for PBXNativeTarget "YBTagViewDemo" */;
			buildPhases = (
				68E977D21CA9182400E8650F /* Sources */,
				68E977D31CA9182400E8650F /* Frameworks */,
				68E977D41CA9182400E8650F /* Resources */,
			);
			buildRules = (
			);
			dependencies = (
			);
			name = YBTagViewDemo;
			productName = YBTagView;
			productReference = 68E977D61CA9182400E8650F /* YBTagViewDemo.app */;
			productType = "com.apple.product-type.application";
		};
		68E977EE1CA9182400E8650F /* YBTagViewDemoTests */ = {
			isa = PBXNativeTarget;
			buildConfigurationList = 68E978061CA9182400E8650F /* Build configuration list for PBXNativeTarget "YBTagViewDemoTests" */;
			buildPhases = (
				68E977EB1CA9182400E8650F /* Sources */,
				68E977EC1CA9182400E8650F /* Frameworks */,
				68E977ED1CA9182400E8650F /* Resources */,
			);
			buildRules = (
			);
			dependencies = (
				68E977F11CA9182400E8650F /* PBXTargetDependency */,
			);
			name = YBTagViewDemoTests;
			productName = YBTagViewTests;
			productReference = 68E977EF1CA9182400E8650F /* YBTagViewDemo.xctest */;
			productType = "com.apple.product-type.bundle.unit-test";
		};
		68E977F91CA9182400E8650F /* YBTagViewDemoUITests */ = {
			isa = PBXNativeTarget;
			buildConfigurationList = 68E978091CA9182400E8650F /* Build configuration list for PBXNativeTarget "YBTagViewDemoUITests" */;
			buildPhases = (
				68E977F61CA9182400E8650F /* Sources */,
				68E977F71CA9182400E8650F /* Frameworks */,
				68E977F81CA9182400E8650F /* Resources */,
			);
			buildRules = (
			);
			dependencies = (
				68E977FC1CA9182400E8650F /* PBXTargetDependency */,
			);
			name = YBTagViewDemoUITests;
			productName = YBTagViewUITests;
			productReference = 68E977FA1CA9182400E8650F /* YBTagViewDemo.xctest */;
			productType = "com.apple.product-type.bundle.ui-testing";
		};
/* End PBXNativeTarget section */

/* Begin PBXProject section */
		68E977CE1CA9182400E8650F /* Project object */ = {
			isa = PBXProject;
			attributes = {
				LastUpgradeCheck = 0720;
				ORGANIZATIONNAME = "王迎博";
				TargetAttributes = {
					68E977D51CA9182400E8650F = {
						CreatedOnToolsVersion = 7.2.1;
					};
					68E977EE1CA9182400E8650F = {
						CreatedOnToolsVersion = 7.2.1;
						TestTargetID = 68E977D51CA9182400E8650F;
					};
					68E977F91CA9182400E8650F = {
						CreatedOnToolsVersion = 7.2.1;
						TestTargetID = 68E977D51CA9182400E8650F;
					};
				};
			};
			buildConfigurationList = 68E977D11CA9182400E8650F /* Build configuration list for PBXProject "YBTagViewDemo" */;
			compatibilityVersion = "Xcode 3.2";
			developmentRegion = English;
			hasScannedForEncodings = 0;
			knownRegions = (
				en,
				Base,
			);
			mainGroup = 68E977CD1CA9182400E8650F;
			productRefGroup = 68E977D71CA9182400E8650F /* Products */;
			projectDirPath = "";
			projectRoot = "";
			targets = (
				68E977D51CA9182400E8650F /* YBTagViewDemo */,
				68E977EE1CA9182400E8650F /* YBTagViewDemoTests */,
				68E977F91CA9182400E8650F /* YBTagViewDemoUITests */,
			);
		};
/* End PBXProject section */

/* Begin PBXResourcesBuildPhase section */
		68E977D41CA9182400E8650F /* Resources */ = {
			isa = PBXResourcesBuildPhase;
			buildActionMask = 2147483647;
			files = (
				68E977E91CA9182400E8650F /* LaunchScreen.storyboard in Resources */,
				6896495E1CC5C81C00CDA924 /* test2.jpg in Resources */,
				6896495F1CC5C81C00CDA924 /* yuandian.png in Resources */,
				6896495D1CC5C81C00CDA924 /* test1.png in Resources */,
				68E977E61CA9182400E8650F /* Assets.xcassets in Resources */,
				68E977E41CA9182400E8650F /* Main.storyboard in Resources */,
			);
			runOnlyForDeploymentPostprocessing = 0;
		};
		68E977ED1CA9182400E8650F /* Resources */ = {
			isa = PBXResourcesBuildPhase;
			buildActionMask = 2147483647;
			files = (
			);
			runOnlyForDeploymentPostprocessing = 0;
		};
		68E977F81CA9182400E8650F /* Resources */ = {
			isa = PBXResourcesBuildPhase;
			buildActionMask = 2147483647;
			files = (
			);
			runOnlyForDeploymentPostprocessing = 0;
		};
/* End PBXResourcesBuildPhase section */

/* Begin PBXSourcesBuildPhase section */
		68E977D21CA9182400E8650F /* Sources */ = {
			isa = PBXSourcesBuildPhase;
			buildActionMask = 2147483647;
			files = (
				68E977E11CA9182400E8650F /* ViewController.m in Sources */,
				689649611CC5C81C00CDA924 /* YBBranchLayer.m in Sources */,
				68E977DE1CA9182400E8650F /* AppDelegate.m in Sources */,
				689649651CC5C81C00CDA924 /* YBCenterView.m in Sources */,
				689649631CC5C81C00CDA924 /* YBTagGestureRecognizer.m in Sources */,
				689649601CC5C81C00CDA924 /* UIView+Extension.m in Sources */,
				689649661CC5C81C00CDA924 /* YBTagLabel.m in Sources */,
				68E977DB1CA9182400E8650F /* main.m in Sources */,
				689649621CC5C81C00CDA924 /* YBFocusLayer.m in Sources */,
				689649671CC5C81C00CDA924 /* YBTagView.m in Sources */,
				689649641CC5C81C00CDA924 /* YBTagStyle.m in Sources */,
			);
			runOnlyForDeploymentPostprocessing = 0;
		};
		68E977EB1CA9182400E8650F /* Sources */ = {
			isa = PBXSourcesBuildPhase;
			buildActionMask = 2147483647;
			files = (
				68E977F41CA9182400E8650F /* YBTagViewTests.m in Sources */,
			);
			runOnlyForDeploymentPostprocessing = 0;
		};
		68E977F61CA9182400E8650F /* Sources */ = {
			isa = PBXSourcesBuildPhase;
			buildActionMask = 2147483647;
			files = (
				68E977FF1CA9182400E8650F /* YBTagViewUITests.m in Sources */,
			);
			runOnlyForDeploymentPostprocessing = 0;
		};
/* End PBXSourcesBuildPhase section */

/* Begin PBXTargetDependency section */
		68E977F11CA9182400E8650F /* PBXTargetDependency */ = {
			isa = PBXTargetDependency;
			target = 68E977D51CA9182400E8650F /* YBTagViewDemo */;
			targetProxy = 68E977F01CA9182400E8650F /* PBXContainerItemProxy */;
		};
		68E977FC1CA9182400E8650F /* PBXTargetDependency */ = {
			isa = PBXTargetDependency;
			target = 68E977D51CA9182400E8650F /* YBTagViewDemo */;
			targetProxy = 68E977FB1CA9182400E8650F /* PBXContainerItemProxy */;
		};
/* End PBXTargetDependency section */

/* Begin PBXVariantGroup section */
		68E977E21CA9182400E8650F /* Main.storyboard */ = {
			isa = PBXVariantGroup;
			children = (
				68E977E31CA9182400E8650F /* Base */,
			);
			name = Main.storyboard;
			sourceTree = "<group>";
		};
		68E977E71CA9182400E8650F /* LaunchScreen.storyboard */ = {
			isa = PBXVariantGroup;
			children = (
				68E977E81CA9182400E8650F /* Base */,
			);
			name = LaunchScreen.storyboard;
			sourceTree = "<group>";
		};
/* End PBXVariantGroup section */

/* Begin XCBuildConfiguration section */
		68E978011CA9182400E8650F /* Debug */ = {
			isa = XCBuildConfiguration;
			buildSettings = {
				ALWAYS_SEARCH_USER_PATHS = NO;
				CLANG_CXX_LANGUAGE_STANDARD = "gnu++0x";
				CLANG_CXX_LIBRARY = "libc++";
				CLANG_ENABLE_MODULES = YES;
				CLANG_ENABLE_OBJC_ARC = YES;
				CLANG_WARN_BOOL_CONVERSION = YES;
				CLANG_WARN_CONSTANT_CONVERSION = YES;
				CLANG_WARN_DIRECT_OBJC_ISA_USAGE = YES_ERROR;
				CLANG_WARN_EMPTY_BODY = YES;
				CLANG_WARN_ENUM_CONVERSION = YES;
				CLANG_WARN_INT_CONVERSION = YES;
				CLANG_WARN_OBJC_ROOT_CLASS = YES_ERROR;
				CLANG_WARN_UNREACHABLE_CODE = YES;
				CLANG_WARN__DUPLICATE_METHOD_MATCH = YES;
				"CODE_SIGN_IDENTITY[sdk=iphoneos*]" = "iPhone Developer";
				COPY_PHASE_STRIP = NO;
				DEBUG_INFORMATION_FORMAT = dwarf;
				ENABLE_STRICT_OBJC_MSGSEND = YES;
				ENABLE_TESTABILITY = YES;
				GCC_C_LANGUAGE_STANDARD = gnu99;
				GCC_DYNAMIC_NO_PIC = NO;
				GCC_NO_COMMON_BLOCKS = YES;
				GCC_OPTIMIZATION_LEVEL = 0;
				GCC_PREPROCESSOR_DEFINITIONS = (
					"DEBUG=1",
					"$(inherited)",
				);
				GCC_WARN_64_TO_32_BIT_CONVERSION = YES;
				GCC_WARN_ABOUT_RETURN_TYPE = YES_ERROR;
				GCC_WARN_UNDECLARED_SELECTOR = YES;
				GCC_WARN_UNINITIALIZED_AUTOS = YES_AGGRESSIVE;
				GCC_WARN_UNUSED_FUNCTION = YES;
				GCC_WARN_UNUSED_VARIABLE = YES;
				IPHONEOS_DEPLOYMENT_TARGET = 9.2;
				MTL_ENABLE_DEBUG_INFO = YES;
				ONLY_ACTIVE_ARCH = YES;
				SDKROOT = iphoneos;
			};
			name = Debug;
		};
		68E978021CA9182400E8650F /* Release */ = {
			isa = XCBuildConfiguration;
			buildSettings = {
				ALWAYS_SEARCH_USER_PATHS = NO;
				CLANG_CXX_LANGUAGE_STANDARD = "gnu++0x";
				CLANG_CXX_LIBRARY = "libc++";
				CLANG_ENABLE_MODULES = YES;
				CLANG_ENABLE_OBJC_ARC = YES;
				CLANG_WARN_BOOL_CONVERSION = YES;
				CLANG_WARN_CONSTANT_CONVERSION = YES;
				CLANG_WARN_DIRECT_OBJC_ISA_USAGE = YES_ERROR;
				CLANG_WARN_EMPTY_BODY = YES;
				CLANG_WARN_ENUM_CONVERSION = YES;
				CLANG_WARN_INT_CONVERSION = YES;
				CLANG_WARN_OBJC_ROOT_CLASS = YES_ERROR;
				CLANG_WARN_UNREACHABLE_CODE = YES;
				CLANG_WARN__DUPLICATE_METHOD_MATCH = YES;
				"CODE_SIGN_IDENTITY[sdk=iphoneos*]" = "iPhone Developer";
				COPY_PHASE_STRIP = NO;
				DEBUG_INFORMATION_FORMAT = "dwarf-with-dsym";
				ENABLE_NS_ASSERTIONS = NO;
				ENABLE_STRICT_OBJC_MSGSEND = YES;
				GCC_C_LANGUAGE_STANDARD = gnu99;
				GCC_NO_COMMON_BLOCKS = YES;
				GCC_WARN_64_TO_32_BIT_CONVERSION = YES;
				GCC_WARN_ABOUT_RETURN_TYPE = YES_ERROR;
				GCC_WARN_UNDECLARED_SELECTOR = YES;
				GCC_WARN_UNINITIALIZED_AUTOS = YES_AGGRESSIVE;
				GCC_WARN_UNUSED_FUNCTION = YES;
				GCC_WARN_UNUSED_VARIABLE = YES;
				IPHONEOS_DEPLOYMENT_TARGET = 9.2;
				MTL_ENABLE_DEBUG_INFO = NO;
				SDKROOT = iphoneos;
				VALIDATE_PRODUCT = YES;
			};
			name = Release;
		};
		68E978041CA9182400E8650F /* Debug */ = {
			isa = XCBuildConfiguration;
			buildSettings = {
				ASSETCATALOG_COMPILER_APPICON_NAME = AppIcon;
				ASSETCATALOG_COMPILER_LAUNCHIMAGE_NAME = "Brand Assets";
				GCC_PREFIX_HEADER = "$(SRCROOT)/YBTagView/YBTagView.pch";
				INFOPLIST_FILE = YBTagView/Info.plist;
				IPHONEOS_DEPLOYMENT_TARGET = 8.1;
				LD_RUNPATH_SEARCH_PATHS = "$(inherited) @executable_path/Frameworks";
				PRODUCT_BUNDLE_IDENTIFIER = com.jiapin.www.YBTagView;
				PRODUCT_NAME = YBTagViewDemo;
			};
			name = Debug;
		};
		68E978051CA9182400E8650F /* Release */ = {
			isa = XCBuildConfiguration;
			buildSettings = {
				ASSETCATALOG_COMPILER_APPICON_NAME = AppIcon;
				ASSETCATALOG_COMPILER_LAUNCHIMAGE_NAME = "Brand Assets";
				GCC_PREFIX_HEADER = "$(SRCROOT)/YBTagView/YBTagView.pch";
				INFOPLIST_FILE = YBTagView/Info.plist;
				IPHONEOS_DEPLOYMENT_TARGET = 8.1;
				LD_RUNPATH_SEARCH_PATHS = "$(inherited) @executable_path/Frameworks";
				PRODUCT_BUNDLE_IDENTIFIER = com.jiapin.www.YBTagView;
				PRODUCT_NAME = YBTagViewDemo;
			};
			name = Release;
		};
		68E978071CA9182400E8650F /* Debug */ = {
			isa = XCBuildConfiguration;
			buildSettings = {
				BUNDLE_LOADER = "$(TEST_HOST)";
				INFOPLIST_FILE = YBTagViewTests/Info.plist;
				LD_RUNPATH_SEARCH_PATHS = "$(inherited) @executable_path/Frameworks @loader_path/Frameworks";
				PRODUCT_BUNDLE_IDENTIFIER = com.jiapin.www.YBTagViewTests;
				PRODUCT_NAME = YBTagViewDemo;
				TEST_HOST = "$(BUILT_PRODUCTS_DIR)/YBTagViewDemo.app/YBTagViewDemo";
			};
			name = Debug;
		};
		68E978081CA9182400E8650F /* Release */ = {
			isa = XCBuildConfiguration;
			buildSettings = {
				BUNDLE_LOADER = "$(TEST_HOST)";
				INFOPLIST_FILE = YBTagViewTests/Info.plist;
				LD_RUNPATH_SEARCH_PATHS = "$(inherited) @executable_path/Frameworks @loader_path/Frameworks";
				PRODUCT_BUNDLE_IDENTIFIER = com.jiapin.www.YBTagViewTests;
				PRODUCT_NAME = YBTagViewDemo;
				TEST_HOST = "$(BUILT_PRODUCTS_DIR)/YBTagViewDemo.app/YBTagViewDemo";
			};
			name = Release;
		};
		68E9780A1CA9182400E8650F /* Debug */ = {
			isa = XCBuildConfiguration;
			buildSettings = {
				INFOPLIST_FILE = YBTagViewUITests/Info.plist;
				LD_RUNPATH_SEARCH_PATHS = "$(inherited) @executable_path/Frameworks @loader_path/Frameworks";
				PRODUCT_BUNDLE_IDENTIFIER = com.jiapin.www.YBTagViewUITests;
				PRODUCT_NAME = YBTagViewDemo;
				TEST_TARGET_NAME = YBTagView;
				USES_XCTRUNNER = YES;
			};
			name = Debug;
		};
		68E9780B1CA9182400E8650F /* Release */ = {
			isa = XCBuildConfiguration;
			buildSettings = {
				INFOPLIST_FILE = YBTagViewUITests/Info.plist;
				LD_RUNPATH_SEARCH_PATHS = "$(inherited) @executable_path/Frameworks @loader_path/Frameworks";
				PRODUCT_BUNDLE_IDENTIFIER = com.jiapin.www.YBTagViewUITests;
				PRODUCT_NAME = YBTagViewDemo;
				TEST_TARGET_NAME = YBTagView;
				USES_XCTRUNNER = YES;
			};
			name = Release;
		};
/* End XCBuildConfiguration section */

/* Begin XCConfigurationList section */
		68E977D11CA9182400E8650F /* Build configuration list for PBXProject "YBTagViewDemo" */ = {
			isa = XCConfigurationList;
			buildConfigurations = (
				68E978011CA9182400E8650F /* Debug */,
				68E978021CA9182400E8650F /* Release */,
			);
			defaultConfigurationIsVisible = 0;
			defaultConfigurationName = Release;
		};
		68E978031CA9182400E8650F /* Build configuration list for PBXNativeTarget "YBTagViewDemo" */ = {
			isa = XCConfigurationList;
			buildConfigurations = (
				68E978041CA9182400E8650F /* Debug */,
				68E978051CA9182400E8650F /* Release */,
			);
			defaultConfigurationIsVisible = 0;
			defaultConfigurationName = Release;
		};
		68E978061CA9182400E8650F /* Build configuration list for PBXNativeTarget "YBTagViewDemoTests" */ = {
			isa = XCConfigurationList;
			buildConfigurations = (
				68E978071CA9182400E8650F /* Debug */,
				68E978081CA9182400E8650F /* Release */,
			);
			defaultConfigurationIsVisible = 0;
			defaultConfigurationName = Release;
		};
		68E978091CA9182400E8650F /* Build configuration list for PBXNativeTarget "YBTagViewDemoUITests" */ = {
			isa = XCConfigurationList;
			buildConfigurations = (
				68E9780A1CA9182400E8650F /* Debug */,
				68E9780B1CA9182400E8650F /* Release */,
			);
			defaultConfigurationIsVisible = 0;
			defaultConfigurationName = Release;
		};
/* End XCConfigurationList section */
	};
	rootObject = 68E977CE1CA9182400E8650F /* Project object */;
}
